
Microsoft Visual Studio Solution File, Format Version 11.00
# Visual Studio 2010
Project("{FAE04EC0-301F-11D3-BF4B-00C04F79EFBC}") = "UnityUseWebSocket", "Assembly-CSharp.csproj", "{3319B1C3-45AF-0485-87D1-2B794A9F582D}"
EndProject
Global
	GlobalSection(SolutionConfigurationPlatforms) = preSolution
		Debug|Any CPU = Debug|Any CPU
		Release|Any CPU = Release|Any CPU
	EndGlobalSection
	GlobalSection(ProjectConfigurationPlatforms) = postSolution
		{3319B1C3-45AF-0485-87D1-2B794A9F582D}.Debug|Any CPU.ActiveCfg = Debug|Any CPU
		{3319B1C3-45AF-0485-87D1-2B794A9F582D}.Debug|Any CPU.Build.0 = Debug|Any CPU
		{3319B1C3-45AF-0485-87D1-2B794A9F582D}.Release|Any CPU.ActiveCfg = Release|Any CPU
		{3319B1C3-45AF-0485-87D1-2B794A9F582D}.Release|Any CPU.Build.0 = Release|Any CPU
	EndGlobalSection
	GlobalSection(SolutionProperties) = preSolution
		HideSolutionNode = FALSE
	EndGlobalSection
	GlobalSection(MonoDevelopProperties) = preSolution
		StartupItem = Assembly-CSharp.csproj
	EndGlobalSection
EndGlobal
